{
  "nodes": {
    "flake-utils": {
      "inputs": {
        "systems": "systems"
      },
      "locked": {
        "lastModified": 1710146030,
        "narHash": "sha256-SZ5L6eA7HJ/nmkzGG7/ISclqe6oZdOZTNoesiInkXPQ=",
        "owner": "numtide",
        "repo": "flake-utils",
        "rev": "b1d9ab70662946ef0850d488da1c9019f3a9752a",
        "type": "github"
      },
      "original": {
        "owner": "numtide",
        "repo": "flake-utils",
        "type": "github"
      }
    },
    "flake-utils_2": {
      "inputs": {
        "systems": "systems_2"
      },
      "locked": {
        "lastModified": 1710146030,
        "narHash": "sha256-SZ5L6eA7HJ/nmkzGG7/ISclqe6oZdOZTNoesiInkXPQ=",
        "owner": "numtide",
        "repo": "flake-utils",
        "rev": "b1d9ab70662946ef0850d488da1c9019f3a9752a",
        "type": "github"
      },
      "original": {
        "owner": "numtide",
        "repo": "flake-utils",
        "type": "github"
      }
    },
    "lastGoodStaticBoehmgc": {
      "locked": {
        "lastModified": 1710266477,
        "narHash": "sha256-oChjOWfSxtY5508wFhQQ/MS092+Xxzfj9vnv53VNHCE=",
        "owner": "NixOS",
        "repo": "nixpkgs",
        "rev": "14feac318eefa31d936d9b6a2aacb1928899abfe",
        "type": "github"
      },
      "original": {
        "owner": "NixOS",
        "repo": "nixpkgs",
        "rev": "14feac318eefa31d936d9b6a2aacb1928899abfe",
        "type": "github"
      }
    },
    "nix-filter": {
      "locked": {
        "lastModified": 1710156097,
        "narHash": "sha256-1Wvk8UP7PXdf8bCCaEoMnOT1qe5/Duqgj+rL8sRQsSM=",
        "owner": "numtide",
        "repo": "nix-filter",
        "rev": "3342559a24e85fc164b295c3444e8a139924675b",
        "type": "github"
      },
      "original": {
        "owner": "numtide",
        "repo": "nix-filter",
        "type": "github"
      }
    },
    "nixpkgs": {
      "locked": {
        "lastModified": 1721016451,
        "narHash": "sha256-Cypl9ORr5UjtBsbjXMTJRepTe362yNVrPrntUvHiTaw=",
        "rev": "a14c5d651cee9ed70f9cd9e83f323f1e531002db",
        "revCount": 653279,
        "type": "tarball",
        "url": "https://api.flakehub.com/f/pinned/DeterminateSystems/nixpkgs-weekly/0.1.653279%2Brev-a14c5d651cee9ed70f9cd9e83f323f1e531002db/0190ba08-e6e7-740e-a98c-de754817efc0/source.tar.gz"
      },
      "original": {
        "id": "nixpkgs",
        "type": "indirect"
      }
    },
    "nixpkgs-crunchy": {
      "inputs": {
        "flake-utils": "flake-utils_2",
        "lastGoodStaticBoehmgc": "lastGoodStaticBoehmgc",
        "nixpkgs": "nixpkgs_2"
      },
      "locked": {
        "lastModified": 1711620066,
        "narHash": "sha256-RJZTdHUdznGxnWP+dvcrClGg8ctYggAlIrc4drujtUA=",
        "owner": "crunchydata",
        "repo": "nixpkgs",
        "rev": "cafe229c653d9961f7d0b2123fccb8488d8c9c42",
        "type": "github"
      },
      "original": {
        "owner": "crunchydata",
        "repo": "nixpkgs",
        "type": "github"
      }
    },
    "nixpkgs_2": {
      "locked": {
        "lastModified": 1711370797,
        "narHash": "sha256-2xu0jVSjuKhN97dqc4bVtvEH52Rwh6+uyI1XCnzoUyI=",
        "owner": "NixOS",
        "repo": "nixpkgs",
        "rev": "c726225724e681b3626acc941c6f95d2b0602087",
        "type": "github"
      },
      "original": {
        "owner": "NixOS",
        "ref": "nixpkgs-unstable",
        "repo": "nixpkgs",
        "type": "github"
      }
    },
    "root": {
      "inputs": {
        "flake-utils": "flake-utils",
        "nix-filter": "nix-filter",
        "nixpkgs": "nixpkgs",
        "nixpkgs-crunchy": "nixpkgs-crunchy"
      }
    },
    "systems": {
      "locked": {
        "lastModified": 1681028828,
        "narHash": "sha256-Vy1rq5AaRuLzOxct8nz4T6wlgyUR7zLU309k9mBC768=",
        "owner": "nix-systems",
        "repo": "default",
        "rev": "da67096a3b9bf56a91d16901293e51ba5b49a27e",
        "type": "github"
      },
      "original": {
        "owner": "nix-systems",
        "repo": "default",
        "type": "github"
      }
    },
    "systems_2": {
      "locked": {
        "lastModified": 1681028828,
        "narHash": "sha256-Vy1rq5AaRuLzOxct8nz4T6wlgyUR7zLU309k9mBC768=",
        "owner": "nix-systems",
        "repo": "default",
        "rev": "da67096a3b9bf56a91d16901293e51ba5b49a27e",
        "type": "github"
      },
      "original": {
        "owner": "nix-systems",
        "repo": "default",
        "type": "github"
      }
    }
  },
  "root": "root",
  "version": 7
}
