{
  "nodes": {
    "flake-utils": {
      "inputs": {
        "systems": "systems"
      },
      "locked": {
        "lastModified": 1726560853,
        "narHash": "sha256-X6rJYSESBVr3hBoH0WbKE5KvhPU5bloyZ2L4K60/fPQ=",
        "owner": "numtide",
        "repo": "flake-utils",
        "rev": "c1dfcf08411b08f6b8615f7d8971a2bfa81d5e8a",
        "type": "github"
      },
      "original": {
        "owner": "numtide",
        "repo": "flake-utils",
        "type": "github"
      }
    },
    "nix-filter": {
      "locked": {
        "lastModified": 1730207686,
        "narHash": "sha256-SCHiL+1f7q9TAnxpasriP6fMarWE5H43t25F5/9e28I=",
        "owner": "numtide",
        "repo": "nix-filter",
        "rev": "776e68c1d014c3adde193a18db9d738458cd2ba4",
        "type": "github"
      },
      "original": {
        "owner": "numtide",
        "repo": "nix-filter",
        "type": "github"
      }
    },
    "nixpkgs": {
      "locked": {
        "lastModified": 1730643484,
        "narHash": "sha256-FZN70acnL7V0gfmtLTdsi4J1o51bfaBYDTi3E7b7z3U=",
        "rev": "4ae2e647537bcdbb82265469442713d066675275",
        "revCount": 703290,
        "type": "tarball",
        "url": "https://api.flakehub.com/f/pinned/DeterminateSystems/nixpkgs-weekly/0.1.703290%2Brev-4ae2e647537bcdbb82265469442713d066675275/0192fad2-bf14-7b0d-8334-06c6e5a5d2e3/source.tar.gz"
      },
      "original": {
        "id": "nixpkgs",
        "type": "indirect"
      }
    },
    "root": {
      "inputs": {
        "flake-utils": "flake-utils",
        "nix-filter": "nix-filter",
        "nixpkgs": "nixpkgs"
      }
    },
    "systems": {
      "locked": {
        "lastModified": 1681028828,
        "narHash": "sha256-Vy1rq5AaRuLzOxct8nz4T6wlgyUR7zLU309k9mBC768=",
        "owner": "nix-systems",
        "repo": "default",
        "rev": "da67096a3b9bf56a91d16901293e51ba5b49a27e",
        "type": "github"
      },
      "original": {
        "owner": "nix-systems",
        "repo": "default",
        "type": "github"
      }
    }
  },
  "root": "root",
  "version": 7
}
